
Microsoft Visual Studio Solution File, Format Version 12.00
# Visual Studio 15
VisualStudioVersion = 15.0.26730.16
MinimumVisualStudioVersion = 10.0.40219.1
Project("{FAE04EC0-301F-11D3-BF4B-00C04F79EFBC}") = "DXShopping", "DXShopping\DXShopping.csproj", "{0CA691F2-1DD2-4C8B-9BB8-CFA11039E07B}"
EndProject
Global
	GlobalSection(SolutionConfigurationPlatforms) = preSolution
		Debug|Any CPU = Debug|Any CPU
		Release|Any CPU = Release|Any CPU
	EndGlobalSection
	GlobalSection(ProjectConfigurationPlatforms) = postSolution
		{0CA691F2-1DD2-4C8B-9BB8-CFA11039E07B}.Debug|Any CPU.ActiveCfg = Debug|Any CPU
		{0CA691F2-1DD2-4C8B-9BB8-CFA11039E07B}.Debug|Any CPU.Build.0 = Debug|Any CPU
		{0CA691F2-1DD2-4C8B-9BB8-CFA11039E07B}.Release|Any CPU.ActiveCfg = Release|Any CPU
		{0CA691F2-1DD2-4C8B-9BB8-CFA11039E07B}.Release|Any CPU.Build.0 = Release|Any CPU
	EndGlobalSection
	GlobalSection(SolutionProperties) = preSolution
		HideSolutionNode = FALSE
	EndGlobalSection
	GlobalSection(ExtensibilityGlobals) = postSolution
		SolutionGuid = {6DC34638-D9F7-4403-9E6A-C2AB3B31B3D5}
	EndGlobalSection
EndGlobal
